
Microsoft Visual Studio Solution File, Format Version 12.00
# Visual Studio 15
VisualStudioVersion = 15.0.26730.16
MinimumVisualStudioVersion = 10.0.40219.1
Project("{888888A0-9F3D-457C-B088-3A5042F75D52}") = "BottleWebProject1", "BottleWebProject1\BottleWebProject1.pyproj", "{B891B02B-3229-41CF-8D08-7EFDD0BB55AD}"
EndProject
Global
	GlobalSection(SolutionConfigurationPlatforms) = preSolution
		Debug|Any CPU = Debug|Any CPU
		Release|Any CPU = Release|Any CPU
	EndGlobalSection
	GlobalSection(ProjectConfigurationPlatforms) = postSolution
		{B891B02B-3229-41CF-8D08-7EFDD0BB55AD}.Debug|Any CPU.ActiveCfg = Debug|Any CPU
		{B891B02B-3229-41CF-8D08-7EFDD0BB55AD}.Debug|Any CPU.Build.0 = Debug|Any CPU
		{B891B02B-3229-41CF-8D08-7EFDD0BB55AD}.Release|Any CPU.ActiveCfg = Release|Any CPU
		{B891B02B-3229-41CF-8D08-7EFDD0BB55AD}.Release|Any CPU.Build.0 = Release|Any CPU
	EndGlobalSection
	GlobalSection(SolutionProperties) = preSolution
		HideSolutionNode = FALSE
	EndGlobalSection
	GlobalSection(ExtensibilityGlobals) = postSolution
		SolutionGuid = {F3978610-64AF-469D-A162-FF0BD7CFDC94}
	EndGlobalSection
EndGlobal
